// !$*UTF8*$!
{
	archiveVersion = 1;
	classes = {
	};
	objectVersion = 46;
	objects = {

/* Begin PBXBuildFile section */
		18D7E9121D08525300C79911 /* main.cpp in Sources */ = {isa = PBXBuildFile; fileRef = 18D7E9111D08525300C79911 /* main.cpp */; };
		18D7E91A1D0AB31800C79911 /* expansion_manager.cpp in Sources */ = {isa = PBXBuildFile; fileRef = 18D7E9181D0AB31800C79911 /* expansion_manager.cpp */; };
		18D7E9231D0B0A3A00C79911 /* shape.cpp in Sources */ = {isa = PBXBuildFile; fileRef = 18D7E9211D0B0A3A00C79911 /* shape.cpp */; };
		18D7E9271D11878500C79911 /* model.cpp in Sources */ = {isa = PBXBuildFile; fileRef = 18D7E9251D11878500C79911 /* model.cpp */; };
		18D7E92A1D1197DC00C79911 /* grammar_core.cpp in Sources */ = {isa = PBXBuildFile; fileRef = 18D7E9281D1197DC00C79911 /* grammar_core.cpp */; };
		18D7E92D1D12B46800C79911 /* rule.cpp in Sources */ = {isa = PBXBuildFile; fileRef = 18D7E92B1D12B46800C79911 /* rule.cpp */; };
		18D7E9301D1838C700C79911 /* jsonxx.cc in Sources */ = {isa = PBXBuildFile; fileRef = 18D7E92E1D1838C700C79911 /* jsonxx.cc */; };
		18D7E9331D19752000C79911 /* operator.cpp in Sources */ = {isa = PBXBuildFile; fileRef = 18D7E9311D19752000C79911 /* operator.cpp */; };
/* End PBXBuildFile section */

/* Begin PBXCopyFilesBuildPhase section */
		18D7E90C1D08525300C79911 /* CopyFiles */ = {
			isa = PBXCopyFilesBuildPhase;
			buildActionMask = 2147483647;
			dstPath = /usr/share/man/man1/;
			dstSubfolderSpec = 0;
			files = (
			);
			runOnlyForDeploymentPostprocessing = 1;
		};
/* End PBXCopyFilesBuildPhase section */

/* Begin PBXFileReference section */
		18D7E90E1D08525300C79911 /* tinygrammar */ = {isa = PBXFileReference; explicitFileType = "compiled.mach-o.executable"; includeInIndex = 0; path = tinygrammar; sourceTree = BUILT_PRODUCTS_DIR; };
		18D7E9111D08525300C79911 /* main.cpp */ = {isa = PBXFileReference; lastKnownFileType = sourcecode.cpp.cpp; path = main.cpp; sourceTree = "<group>"; };
		18D7E9181D0AB31800C79911 /* expansion_manager.cpp */ = {isa = PBXFileReference; fileEncoding = 4; lastKnownFileType = sourcecode.cpp.cpp; path = expansion_manager.cpp; sourceTree = "<group>"; };
		18D7E9191D0AB31800C79911 /* expansion_manager.h */ = {isa = PBXFileReference; fileEncoding = 4; lastKnownFileType = sourcecode.c.h; path = expansion_manager.h; sourceTree = "<group>"; };
		18D7E91B1D0AF68F00C79911 /* common.h */ = {isa = PBXFileReference; lastKnownFileType = sourcecode.c.h; path = common.h; sourceTree = "<group>"; };
		18D7E9201D0AFD2000C79911 /* tree.hh */ = {isa = PBXFileReference; fileEncoding = 4; lastKnownFileType = sourcecode.cpp.h; path = tree.hh; sourceTree = "<group>"; };
		18D7E9211D0B0A3A00C79911 /* shape.cpp */ = {isa = PBXFileReference; fileEncoding = 4; lastKnownFileType = sourcecode.cpp.cpp; path = shape.cpp; sourceTree = "<group>"; };
		18D7E9221D0B0A3A00C79911 /* shape.h */ = {isa = PBXFileReference; fileEncoding = 4; lastKnownFileType = sourcecode.c.h; path = shape.h; sourceTree = "<group>"; };
		18D7E9241D0B0C8E00C79911 /* yocto_math.h */ = {isa = PBXFileReference; lastKnownFileType = sourcecode.c.h; path = yocto_math.h; sourceTree = "<group>"; };
		18D7E9251D11878500C79911 /* model.cpp */ = {isa = PBXFileReference; fileEncoding = 4; lastKnownFileType = sourcecode.cpp.cpp; path = model.cpp; sourceTree = "<group>"; };
		18D7E9261D11878500C79911 /* model.h */ = {isa = PBXFileReference; fileEncoding = 4; lastKnownFileType = sourcecode.c.h; path = model.h; sourceTree = "<group>"; };
		18D7E9281D1197DC00C79911 /* grammar_core.cpp */ = {isa = PBXFileReference; fileEncoding = 4; lastKnownFileType = sourcecode.cpp.cpp; path = grammar_core.cpp; sourceTree = "<group>"; };
		18D7E9291D1197DC00C79911 /* grammar_core.h */ = {isa = PBXFileReference; fileEncoding = 4; lastKnownFileType = sourcecode.c.h; path = grammar_core.h; sourceTree = "<group>"; };
		18D7E92B1D12B46800C79911 /* rule.cpp */ = {isa = PBXFileReference; fileEncoding = 4; lastKnownFileType = sourcecode.cpp.cpp; path = rule.cpp; sourceTree = "<group>"; };
		18D7E92C1D12B46800C79911 /* rule.h */ = {isa = PBXFileReference; fileEncoding = 4; lastKnownFileType = sourcecode.c.h; path = rule.h; sourceTree = "<group>"; };
		18D7E92E1D1838C700C79911 /* jsonxx.cc */ = {isa = PBXFileReference; fileEncoding = 4; lastKnownFileType = sourcecode.cpp.cpp; path = jsonxx.cc; sourceTree = "<group>"; };
		18D7E92F1D1838C700C79911 /* jsonxx.h */ = {isa = PBXFileReference; fileEncoding = 4; lastKnownFileType = sourcecode.c.h; path = jsonxx.h; sourceTree = "<group>"; };
		18D7E9311D19752000C79911 /* operator.cpp */ = {isa = PBXFileReference; fileEncoding = 4; lastKnownFileType = sourcecode.cpp.cpp; path = operator.cpp; sourceTree = "<group>"; };
		18D7E9321D19752000C79911 /* operator.h */ = {isa = PBXFileReference; fileEncoding = 4; lastKnownFileType = sourcecode.c.h; path = operator.h; sourceTree = "<group>"; };
/* End PBXFileReference section */

/* Begin PBXFrameworksBuildPhase section */
		18D7E90B1D08525300C79911 /* Frameworks */ = {
			isa = PBXFrameworksBuildPhase;
			buildActionMask = 2147483647;
			files = (
			);
			runOnlyForDeploymentPostprocessing = 0;
		};
/* End PBXFrameworksBuildPhase section */

/* Begin PBXGroup section */
		18D7E9051D08525300C79911 = {
			isa = PBXGroup;
			children = (
				18D7E91F1D0AFD2000C79911 /* external */,
				18D7E9101D08525300C79911 /* tinygrammar */,
				18D7E90F1D08525300C79911 /* Products */,
			);
			sourceTree = "<group>";
		};
		18D7E90F1D08525300C79911 /* Products */ = {
			isa = PBXGroup;
			children = (
				18D7E90E1D08525300C79911 /* tinygrammar */,
			);
			name = Products;
			sourceTree = "<group>";
		};
		18D7E9101D08525300C79911 /* tinygrammar */ = {
			isa = PBXGroup;
			children = (
				18D7E91B1D0AF68F00C79911 /* common.h */,
				18D7E9111D08525300C79911 /* main.cpp */,
				18D7E9211D0B0A3A00C79911 /* shape.cpp */,
				18D7E9221D0B0A3A00C79911 /* shape.h */,
				18D7E9251D11878500C79911 /* model.cpp */,
				18D7E9261D11878500C79911 /* model.h */,
				18D7E9181D0AB31800C79911 /* expansion_manager.cpp */,
				18D7E9191D0AB31800C79911 /* expansion_manager.h */,
				18D7E9281D1197DC00C79911 /* grammar_core.cpp */,
				18D7E9291D1197DC00C79911 /* grammar_core.h */,
				18D7E92B1D12B46800C79911 /* rule.cpp */,
				18D7E92C1D12B46800C79911 /* rule.h */,
				18D7E9311D19752000C79911 /* operator.cpp */,
				18D7E9321D19752000C79911 /* operator.h */,
				18D7E9241D0B0C8E00C79911 /* yocto_math.h */,
			);
			path = tinygrammar;
			sourceTree = "<group>";
		};
		18D7E91F1D0AFD2000C79911 /* external */ = {
			isa = PBXGroup;
			children = (
				18D7E92E1D1838C700C79911 /* jsonxx.cc */,
				18D7E92F1D1838C700C79911 /* jsonxx.h */,
				18D7E9201D0AFD2000C79911 /* tree.hh */,
			);
			path = external;
			sourceTree = "<group>";
		};
/* End PBXGroup section */

/* Begin PBXNativeTarget section */
		18D7E90D1D08525300C79911 /* tinygrammar */ = {
			isa = PBXNativeTarget;
			buildConfigurationList = 18D7E9151D08525300C79911 /* Build configuration list for PBXNativeTarget "tinygrammar" */;
			buildPhases = (
				18D7E90A1D08525300C79911 /* Sources */,
				18D7E90B1D08525300C79911 /* Frameworks */,
				18D7E90C1D08525300C79911 /* CopyFiles */,
			);
			buildRules = (
			);
			dependencies = (
			);
			name = tinygrammar;
			productName = tinygrammar;
			productReference = 18D7E90E1D08525300C79911 /* tinygrammar */;
			productType = "com.apple.product-type.tool";
		};
/* End PBXNativeTarget section */

/* Begin PBXProject section */
		18D7E9061D08525300C79911 /* Project object */ = {
			isa = PBXProject;
			attributes = {
				LastUpgradeCheck = 0730;
				ORGANIZATIONNAME = visgraph;
				TargetAttributes = {
					18D7E90D1D08525300C79911 = {
						CreatedOnToolsVersion = 7.3;
					};
				};
			};
			buildConfigurationList = 18D7E9091D08525300C79911 /* Build configuration list for PBXProject "tinygrammar" */;
			compatibilityVersion = "Xcode 3.2";
			developmentRegion = English;
			hasScannedForEncodings = 0;
			knownRegions = (
				en,
			);
			mainGroup = 18D7E9051D08525300C79911;
			productRefGroup = 18D7E90F1D08525300C79911 /* Products */;
			projectDirPath = "";
			projectRoot = "";
			targets = (
				18D7E90D1D08525300C79911 /* tinygrammar */,
			);
		};
/* End PBXProject section */

/* Begin PBXSourcesBuildPhase section */
		18D7E90A1D08525300C79911 /* Sources */ = {
			isa = PBXSourcesBuildPhase;
			buildActionMask = 2147483647;
			files = (
				18D7E9301D1838C700C79911 /* jsonxx.cc in Sources */,
				18D7E9331D19752000C79911 /* operator.cpp in Sources */,
				18D7E9121D08525300C79911 /* main.cpp in Sources */,
				18D7E9231D0B0A3A00C79911 /* shape.cpp in Sources */,
				18D7E91A1D0AB31800C79911 /* expansion_manager.cpp in Sources */,
				18D7E9271D11878500C79911 /* model.cpp in Sources */,
				18D7E92A1D1197DC00C79911 /* grammar_core.cpp in Sources */,
				18D7E92D1D12B46800C79911 /* rule.cpp in Sources */,
			);
			runOnlyForDeploymentPostprocessing = 0;
		};
/* End PBXSourcesBuildPhase section */

/* Begin XCBuildConfiguration section */
		18D7E9131D08525300C79911 /* Debug */ = {
			isa = XCBuildConfiguration;
			buildSettings = {
				ALWAYS_SEARCH_USER_PATHS = NO;
				CLANG_ANALYZER_NONNULL = YES;
				CLANG_CXX_LANGUAGE_STANDARD = "gnu++0x";
				CLANG_CXX_LIBRARY = "libc++";
				CLANG_ENABLE_MODULES = YES;
				CLANG_ENABLE_OBJC_ARC = YES;
				CLANG_WARN_BOOL_CONVERSION = YES;
				CLANG_WARN_CONSTANT_CONVERSION = YES;
				CLANG_WARN_DIRECT_OBJC_ISA_USAGE = YES_ERROR;
				CLANG_WARN_EMPTY_BODY = YES;
				CLANG_WARN_ENUM_CONVERSION = YES;
				CLANG_WARN_INT_CONVERSION = YES;
				CLANG_WARN_OBJC_ROOT_CLASS = YES_ERROR;
				CLANG_WARN_UNREACHABLE_CODE = YES;
				CLANG_WARN__DUPLICATE_METHOD_MATCH = YES;
				CODE_SIGN_IDENTITY = "-";
				COPY_PHASE_STRIP = NO;
				DEBUG_INFORMATION_FORMAT = dwarf;
				ENABLE_STRICT_OBJC_MSGSEND = YES;
				ENABLE_TESTABILITY = YES;
				GCC_C_LANGUAGE_STANDARD = gnu99;
				GCC_DYNAMIC_NO_PIC = NO;
				GCC_NO_COMMON_BLOCKS = YES;
				GCC_OPTIMIZATION_LEVEL = 0;
				GCC_PREPROCESSOR_DEFINITIONS = (
					"DEBUG=1",
					"$(inherited)",
				);
				GCC_WARN_64_TO_32_BIT_CONVERSION = YES;
				GCC_WARN_ABOUT_RETURN_TYPE = YES_ERROR;
				GCC_WARN_UNDECLARED_SELECTOR = YES;
				GCC_WARN_UNINITIALIZED_AUTOS = YES_AGGRESSIVE;
				GCC_WARN_UNUSED_FUNCTION = YES;
				GCC_WARN_UNUSED_VARIABLE = YES;
				MACOSX_DEPLOYMENT_TARGET = 10.11;
				MTL_ENABLE_DEBUG_INFO = YES;
				ONLY_ACTIVE_ARCH = YES;
				SDKROOT = macosx;
			};
			name = Debug;
		};
		18D7E9141D08525300C79911 /* Release */ = {
			isa = XCBuildConfiguration;
			buildSettings = {
				ALWAYS_SEARCH_USER_PATHS = NO;
				CLANG_ANALYZER_NONNULL = YES;
				CLANG_CXX_LANGUAGE_STANDARD = "gnu++0x";
				CLANG_CXX_LIBRARY = "libc++";
				CLANG_ENABLE_MODULES = YES;
				CLANG_ENABLE_OBJC_ARC = YES;
				CLANG_WARN_BOOL_CONVERSION = YES;
				CLANG_WARN_CONSTANT_CONVERSION = YES;
				CLANG_WARN_DIRECT_OBJC_ISA_USAGE = YES_ERROR;
				CLANG_WARN_EMPTY_BODY = YES;
				CLANG_WARN_ENUM_CONVERSION = YES;
				CLANG_WARN_INT_CONVERSION = YES;
				CLANG_WARN_OBJC_ROOT_CLASS = YES_ERROR;
				CLANG_WARN_UNREACHABLE_CODE = YES;
				CLANG_WARN__DUPLICATE_METHOD_MATCH = YES;
				CODE_SIGN_IDENTITY = "-";
				COPY_PHASE_STRIP = NO;
				DEBUG_INFORMATION_FORMAT = "dwarf-with-dsym";
				ENABLE_NS_ASSERTIONS = NO;
				ENABLE_STRICT_OBJC_MSGSEND = YES;
				GCC_C_LANGUAGE_STANDARD = gnu99;
				GCC_NO_COMMON_BLOCKS = YES;
				GCC_WARN_64_TO_32_BIT_CONVERSION = YES;
				GCC_WARN_ABOUT_RETURN_TYPE = YES_ERROR;
				GCC_WARN_UNDECLARED_SELECTOR = YES;
				GCC_WARN_UNINITIALIZED_AUTOS = YES_AGGRESSIVE;
				GCC_WARN_UNUSED_FUNCTION = YES;
				GCC_WARN_UNUSED_VARIABLE = YES;
				MACOSX_DEPLOYMENT_TARGET = 10.11;
				MTL_ENABLE_DEBUG_INFO = NO;
				SDKROOT = macosx;
			};
			name = Release;
		};
		18D7E9161D08525300C79911 /* Debug */ = {
			isa = XCBuildConfiguration;
			buildSettings = {
				PRODUCT_NAME = "$(TARGET_NAME)";
			};
			name = Debug;
		};
		18D7E9171D08525300C79911 /* Release */ = {
			isa = XCBuildConfiguration;
			buildSettings = {
				PRODUCT_NAME = "$(TARGET_NAME)";
			};
			name = Release;
		};
/* End XCBuildConfiguration section */

/* Begin XCConfigurationList section */
		18D7E9091D08525300C79911 /* Build configuration list for PBXProject "tinygrammar" */ = {
			isa = XCConfigurationList;
			buildConfigurations = (
				18D7E9131D08525300C79911 /* Debug */,
				18D7E9141D08525300C79911 /* Release */,
			);
			defaultConfigurationIsVisible = 0;
			defaultConfigurationName = Release;
		};
		18D7E9151D08525300C79911 /* Build configuration list for PBXNativeTarget "tinygrammar" */ = {
			isa = XCConfigurationList;
			buildConfigurations = (
				18D7E9161D08525300C79911 /* Debug */,
				18D7E9171D08525300C79911 /* Release */,
			);
			defaultConfigurationIsVisible = 0;
			defaultConfigurationName = Release;
		};
/* End XCConfigurationList section */
	};
	rootObject = 18D7E9061D08525300C79911 /* Project object */;
}
